
Microsoft Visual Studio Solution File, Format Version 12.00
# Visual Studio Version 17
VisualStudioVersion = 17.4.33213.308
MinimumVisualStudioVersion = 10.0.40219.1
Project("{9A19103F-16F7-4668-BE54-9A1E7A4F7556}") = "HMO_API", "HMO_API.csproj", "{B1A4DDB5-AEEC-4E6A-96E0-2970BBF17D77}"
EndProject
Project("{9A19103F-16F7-4668-BE54-9A1E7A4F7556}") = "HMO_BL", "..\HMO_BL\HMO_BL.csproj", "{3E53747B-1D26-4FBF-A3BF-A049485904D8}"
EndProject
Project("{9A19103F-16F7-4668-BE54-9A1E7A4F7556}") = "HMO_COMMON", "..\HMO_COMMON\HMO_COMMON.csproj", "{7C862370-CFFD-40B3-9724-6055384851DD}"
EndProject
Project("{9A19103F-16F7-4668-BE54-9A1E7A4F7556}") = "HMO_DAL", "..\HMO_DAL1\HMO_DAL.csproj", "{BD91A372-B870-4C33-92C1-0F9C0CB958F3}"
EndProject
Project("{9A19103F-16F7-4668-BE54-9A1E7A4F7556}") = "HMO_DTO", "..\HMO_DTO\HMO_DTO.csproj", "{F9706BE0-50D8-456C-9ED6-970ABA4350C5}"
EndProject
Project("{2150E333-8FDC-42A3-9474-1A3956D46DE8}") = "External", "External", "{E942D79E-BBD2-4EFB-8006-BAB64F98ACAD}"
EndProject
Project("{9A19103F-16F7-4668-BE54-9A1E7A4F7556}") = "TwitterTowers", "..\..\TwitterTowers\TwitterTowers\TwitterTowers.csproj", "{104D42FD-4797-4E1D-8709-D6949B69682C}"
EndProject
Global
	GlobalSection(SolutionConfigurationPlatforms) = preSolution
		Debug|Any CPU = Debug|Any CPU
		Release|Any CPU = Release|Any CPU
	EndGlobalSection
	GlobalSection(ProjectConfigurationPlatforms) = postSolution
		{B1A4DDB5-AEEC-4E6A-96E0-2970BBF17D77}.Debug|Any CPU.ActiveCfg = Debug|Any CPU
		{B1A4DDB5-AEEC-4E6A-96E0-2970BBF17D77}.Debug|Any CPU.Build.0 = Debug|Any CPU
		{B1A4DDB5-AEEC-4E6A-96E0-2970BBF17D77}.Release|Any CPU.ActiveCfg = Release|Any CPU
		{B1A4DDB5-AEEC-4E6A-96E0-2970BBF17D77}.Release|Any CPU.Build.0 = Release|Any CPU
		{3E53747B-1D26-4FBF-A3BF-A049485904D8}.Debug|Any CPU.ActiveCfg = Debug|Any CPU
		{3E53747B-1D26-4FBF-A3BF-A049485904D8}.Debug|Any CPU.Build.0 = Debug|Any CPU
		{3E53747B-1D26-4FBF-A3BF-A049485904D8}.Release|Any CPU.ActiveCfg = Release|Any CPU
		{3E53747B-1D26-4FBF-A3BF-A049485904D8}.Release|Any CPU.Build.0 = Release|Any CPU
		{7C862370-CFFD-40B3-9724-6055384851DD}.Debug|Any CPU.ActiveCfg = Debug|Any CPU
		{7C862370-CFFD-40B3-9724-6055384851DD}.Debug|Any CPU.Build.0 = Debug|Any CPU
		{7C862370-CFFD-40B3-9724-6055384851DD}.Release|Any CPU.ActiveCfg = Release|Any CPU
		{7C862370-CFFD-40B3-9724-6055384851DD}.Release|Any CPU.Build.0 = Release|Any CPU
		{BD91A372-B870-4C33-92C1-0F9C0CB958F3}.Debug|Any CPU.ActiveCfg = Debug|Any CPU
		{BD91A372-B870-4C33-92C1-0F9C0CB958F3}.Debug|Any CPU.Build.0 = Debug|Any CPU
		{BD91A372-B870-4C33-92C1-0F9C0CB958F3}.Release|Any CPU.ActiveCfg = Release|Any CPU
		{BD91A372-B870-4C33-92C1-0F9C0CB958F3}.Release|Any CPU.Build.0 = Release|Any CPU
		{F9706BE0-50D8-456C-9ED6-970ABA4350C5}.Debug|Any CPU.ActiveCfg = Debug|Any CPU
		{F9706BE0-50D8-456C-9ED6-970ABA4350C5}.Debug|Any CPU.Build.0 = Debug|Any CPU
		{F9706BE0-50D8-456C-9ED6-970ABA4350C5}.Release|Any CPU.ActiveCfg = Release|Any CPU
		{F9706BE0-50D8-456C-9ED6-970ABA4350C5}.Release|Any CPU.Build.0 = Release|Any CPU
		{104D42FD-4797-4E1D-8709-D6949B69682C}.Debug|Any CPU.ActiveCfg = Debug|Any CPU
		{104D42FD-4797-4E1D-8709-D6949B69682C}.Debug|Any CPU.Build.0 = Debug|Any CPU
		{104D42FD-4797-4E1D-8709-D6949B69682C}.Release|Any CPU.ActiveCfg = Release|Any CPU
		{104D42FD-4797-4E1D-8709-D6949B69682C}.Release|Any CPU.Build.0 = Release|Any CPU
	EndGlobalSection
	GlobalSection(SolutionProperties) = preSolution
		HideSolutionNode = FALSE
	EndGlobalSection
	GlobalSection(NestedProjects) = preSolution
		{104D42FD-4797-4E1D-8709-D6949B69682C} = {E942D79E-BBD2-4EFB-8006-BAB64F98ACAD}
	EndGlobalSection
	GlobalSection(ExtensibilityGlobals) = postSolution
		SolutionGuid = {DE7D50D7-C75E-4999-B6F2-8F9F09A80F7B}
	EndGlobalSection
EndGlobal
